// !$*UTF8*$!
{
	archiveVersion = 1;
	classes = {
	};
	objectVersion = 46;
	objects = {

/* Begin PBXBuildFile section */
		3CB5168D1D067E48002ABFAB /* RecordFile.m in Sources */ = {isa = PBXBuildFile; fileRef = 3CB5168C1D067E48002ABFAB /* RecordFile.m */; };
		3CB5168F1D067E78002ABFAB /* RecordFile.xib in Resources */ = {isa = PBXBuildFile; fileRef = 3CB5168E1D067E78002ABFAB /* RecordFile.xib */; };
		3CB516B41D067F09002ABFAB /* EZAudio.m in Sources */ = {isa = PBXBuildFile; fileRef = 3CB516921D067F09002ABFAB /* EZAudio.m */; };
		3CB516B51D067F09002ABFAB /* EZAudioDevice.m in Sources */ = {isa = PBXBuildFile; fileRef = 3CB516941D067F09002ABFAB /* EZAudioDevice.m */; };
		3CB516B61D067F09002ABFAB /* EZAudioDisplayLink.m in Sources */ = {isa = PBXBuildFile; fileRef = 3CB516961D067F09002ABFAB /* EZAudioDisplayLink.m */; };
		3CB516B71D067F09002ABFAB /* EZAudioFFT.m in Sources */ = {isa = PBXBuildFile; fileRef = 3CB516981D067F09002ABFAB /* EZAudioFFT.m */; };
		3CB516B81D067F09002ABFAB /* EZAudioFile.m in Sources */ = {isa = PBXBuildFile; fileRef = 3CB5169A1D067F09002ABFAB /* EZAudioFile.m */; };
		3CB516B91D067F09002ABFAB /* EZAudioFloatConverter.m in Sources */ = {isa = PBXBuildFile; fileRef = 3CB5169C1D067F09002ABFAB /* EZAudioFloatConverter.m */; };
		3CB516BA1D067F09002ABFAB /* EZAudioFloatData.m in Sources */ = {isa = PBXBuildFile; fileRef = 3CB5169E1D067F09002ABFAB /* EZAudioFloatData.m */; };
		3CB516BB1D067F09002ABFAB /* EZAudioPlayer.m in Sources */ = {isa = PBXBuildFile; fileRef = 3CB516A21D067F09002ABFAB /* EZAudioPlayer.m */; };
		3CB516BC1D067F09002ABFAB /* EZAudioPlot.m in Sources */ = {isa = PBXBuildFile; fileRef = 3CB516A41D067F09002ABFAB /* EZAudioPlot.m */; };
		3CB516BD1D067F09002ABFAB /* EZAudioPlotGL.m in Sources */ = {isa = PBXBuildFile; fileRef = 3CB516A61D067F09002ABFAB /* EZAudioPlotGL.m */; };
		3CB516BE1D067F09002ABFAB /* EZAudioUtilities.m in Sources */ = {isa = PBXBuildFile; fileRef = 3CB516A81D067F09002ABFAB /* EZAudioUtilities.m */; };
		3CB516BF1D067F09002ABFAB /* EZMicrophone.m in Sources */ = {isa = PBXBuildFile; fileRef = 3CB516AA1D067F09002ABFAB /* EZMicrophone.m */; };
		3CB516C01D067F09002ABFAB /* EZOutput.m in Sources */ = {isa = PBXBuildFile; fileRef = 3CB516AC1D067F09002ABFAB /* EZOutput.m */; };
		3CB516C11D067F09002ABFAB /* EZPlot.m in Sources */ = {isa = PBXBuildFile; fileRef = 3CB516AE1D067F09002ABFAB /* EZPlot.m */; };
		3CB516C21D067F09002ABFAB /* EZRecorder.m in Sources */ = {isa = PBXBuildFile; fileRef = 3CB516B01D067F09002ABFAB /* EZRecorder.m */; };
		3CB516C31D067F09002ABFAB /* Info.plist in Resources */ = {isa = PBXBuildFile; fileRef = 3CB516B11D067F09002ABFAB /* Info.plist */; };
		3CB516C41D067F09002ABFAB /* TPCircularBuffer.c in Sources */ = {isa = PBXBuildFile; fileRef = 3CB516B21D067F09002ABFAB /* TPCircularBuffer.c */; };
		3CB516D11D06B3B5002ABFAB /* ExtAudioFileMixer.m in Sources */ = {isa = PBXBuildFile; fileRef = 3CB516D01D06B3B5002ABFAB /* ExtAudioFileMixer.m */; };
		D400E947171BF13F00BE7F37 /* Accelerate.framework in Frameworks */ = {isa = PBXBuildFile; fileRef = D400E946171BF13F00BE7F37 /* Accelerate.framework */; };
		D40A255D17694680000B98AA /* DOUAudioAnalyzer+Default.m in Sources */ = {isa = PBXBuildFile; fileRef = D40A255C17694680000B98AA /* DOUAudioAnalyzer+Default.m */; };
		D40A4D1717AB83C400D0305F /* DOUAudioStreamer+Options.m in Sources */ = {isa = PBXBuildFile; fileRef = D40A4D1617AB83C400D0305F /* DOUAudioStreamer+Options.m */; };
		D42DA81017865EE4007276E5 /* QuartzCore.framework in Frameworks */ = {isa = PBXBuildFile; fileRef = D42DA80F17865EE4007276E5 /* QuartzCore.framework */; };
		D42DA81217865EE9007276E5 /* OpenGLES.framework in Frameworks */ = {isa = PBXBuildFile; fileRef = D42DA81117865EE9007276E5 /* OpenGLES.framework */; };
		D43ACD8A1738B47B00E6A571 /* DOUAudioDecoder.m in Sources */ = {isa = PBXBuildFile; fileRef = D43ACD751738B47B00E6A571 /* DOUAudioDecoder.m */; };
		D43ACD8B1738B47B00E6A571 /* DOUAudioEventLoop.m in Sources */ = {isa = PBXBuildFile; fileRef = D43ACD771738B47B00E6A571 /* DOUAudioEventLoop.m */; };
		D43ACD8C1738B47B00E6A571 /* DOUAudioFilePreprocessor.m in Sources */ = {isa = PBXBuildFile; fileRef = D43ACD7A1738B47B00E6A571 /* DOUAudioFilePreprocessor.m */; };
		D43ACD8D1738B47B00E6A571 /* DOUAudioFileProvider.m in Sources */ = {isa = PBXBuildFile; fileRef = D43ACD7C1738B47B00E6A571 /* DOUAudioFileProvider.m */; };
		D43ACD8E1738B47B00E6A571 /* DOUAudioLPCM.m in Sources */ = {isa = PBXBuildFile; fileRef = D43ACD7E1738B47B00E6A571 /* DOUAudioLPCM.m */; };
		D43ACD8F1738B47B00E6A571 /* DOUAudioPlaybackItem.m in Sources */ = {isa = PBXBuildFile; fileRef = D43ACD801738B47B00E6A571 /* DOUAudioPlaybackItem.m */; };
		D43ACD901738B47B00E6A571 /* DOUAudioRenderer.m in Sources */ = {isa = PBXBuildFile; fileRef = D43ACD821738B47B00E6A571 /* DOUAudioRenderer.m */; };
		D43ACD911738B47B00E6A571 /* DOUAudioStreamer.m in Sources */ = {isa = PBXBuildFile; fileRef = D43ACD841738B47B00E6A571 /* DOUAudioStreamer.m */; };
		D43ACD921738B47B00E6A571 /* DOUSimpleHTTPRequest.m in Sources */ = {isa = PBXBuildFile; fileRef = D43ACD871738B47B00E6A571 /* DOUSimpleHTTPRequest.m */; };
		D43ACD931738B47B00E6A571 /* NSData+DOUMappedFile.m in Sources */ = {isa = PBXBuildFile; fileRef = D43ACD891738B47B00E6A571 /* NSData+DOUMappedFile.m */; };
		D43AFF97176A938100D1FECF /* DOUAudioVisualizer.m in Sources */ = {isa = PBXBuildFile; fileRef = D43AFF92176A938100D1FECF /* DOUAudioVisualizer.m */; };
		D43AFF99176A938100D1FECF /* DOUEAGLView.m in Sources */ = {isa = PBXBuildFile; fileRef = D43AFF96176A938100D1FECF /* DOUEAGLView.m */; };
		D44920A018A5D12000651CD2 /* DOUMPMediaLibraryAssetLoader.m in Sources */ = {isa = PBXBuildFile; fileRef = D449209F18A5D12000651CD2 /* DOUMPMediaLibraryAssetLoader.m */; };
		D4632A6F17AE27E30065ECDE /* MobileCoreServices.framework in Frameworks */ = {isa = PBXBuildFile; fileRef = D4632A6E17AE27E30065ECDE /* MobileCoreServices.framework */; };
		D47CA3A217680ADA002D73B4 /* DOUAudioAnalyzer.m in Sources */ = {isa = PBXBuildFile; fileRef = D47CA3A117680ADA002D73B4 /* DOUAudioAnalyzer.m */; };
		D47CA3A717680AF1002D73B4 /* DOUAudioFrequencyAnalyzer.m in Sources */ = {isa = PBXBuildFile; fileRef = D47CA3A417680AF1002D73B4 /* DOUAudioFrequencyAnalyzer.m */; };
		D47CA3A817680AF1002D73B4 /* DOUAudioSpatialAnalyzer.m in Sources */ = {isa = PBXBuildFile; fileRef = D47CA3A617680AF1002D73B4 /* DOUAudioSpatialAnalyzer.m */; };
		D4C38923171B9D87009D6124 /* UIKit.framework in Frameworks */ = {isa = PBXBuildFile; fileRef = D4C38922171B9D87009D6124 /* UIKit.framework */; };
		D4C38925171B9D87009D6124 /* Foundation.framework in Frameworks */ = {isa = PBXBuildFile; fileRef = D4C38924171B9D87009D6124 /* Foundation.framework */; };
		D4C38927171B9D87009D6124 /* CoreGraphics.framework in Frameworks */ = {isa = PBXBuildFile; fileRef = D4C38926171B9D87009D6124 /* CoreGraphics.framework */; };
		D4C3892D171B9D87009D6124 /* InfoPlist.strings in Resources */ = {isa = PBXBuildFile; fileRef = D4C3892B171B9D87009D6124 /* InfoPlist.strings */; };
		D4C3892F171B9D87009D6124 /* main.m in Sources */ = {isa = PBXBuildFile; fileRef = D4C3892E171B9D87009D6124 /* main.m */; };
		D4C38933171B9D87009D6124 /* AppDelegate.m in Sources */ = {isa = PBXBuildFile; fileRef = D4C38932171B9D87009D6124 /* AppDelegate.m */; };
		D4C38935171B9D87009D6124 /* Default.png in Resources */ = {isa = PBXBuildFile; fileRef = D4C38934171B9D87009D6124 /* Default.png */; };
		D4C38937171B9D87009D6124 /* Default@2x.png in Resources */ = {isa = PBXBuildFile; fileRef = D4C38936171B9D87009D6124 /* Default@2x.png */; };
		D4C38939171B9D87009D6124 /* Default-568h@2x.png in Resources */ = {isa = PBXBuildFile; fileRef = D4C38938171B9D87009D6124 /* Default-568h@2x.png */; };
		D4C38948171B9E36009D6124 /* AudioToolbox.framework in Frameworks */ = {isa = PBXBuildFile; fileRef = D4C38947171B9E36009D6124 /* AudioToolbox.framework */; };
		D4C3894A171B9E3A009D6124 /* CoreAudio.framework in Frameworks */ = {isa = PBXBuildFile; fileRef = D4C38949171B9E3A009D6124 /* CoreAudio.framework */; };
		D4C3894C171B9E3D009D6124 /* CFNetwork.framework in Frameworks */ = {isa = PBXBuildFile; fileRef = D4C3894B171B9E3D009D6124 /* CFNetwork.framework */; };
		D4F5B28D18A5F0C70063865C /* Track.m in Sources */ = {isa = PBXBuildFile; fileRef = D4F5B28C18A5F0C70063865C /* Track.m */; };
		D4F5B29018A5F1B70063865C /* Track+Provider.m in Sources */ = {isa = PBXBuildFile; fileRef = D4F5B28F18A5F1B70063865C /* Track+Provider.m */; };
		D4F5B29318A5F3030063865C /* MainViewController.m in Sources */ = {isa = PBXBuildFile; fileRef = D4F5B29218A5F3030063865C /* MainViewController.m */; };
		D4F5B29618A5F6B90063865C /* PlayerViewController.m in Sources */ = {isa = PBXBuildFile; fileRef = D4F5B29518A5F6B90063865C /* PlayerViewController.m */; };
		D4F5B29818A605A70063865C /* AVFoundation.framework in Frameworks */ = {isa = PBXBuildFile; fileRef = D4F5B29718A605A70063865C /* AVFoundation.framework */; };
		D4F5B29A18A605AB0063865C /* MediaPlayer.framework in Frameworks */ = {isa = PBXBuildFile; fileRef = D4F5B29918A605AB0063865C /* MediaPlayer.framework */; };
/* End PBXBuildFile section */

/* Begin PBXFileReference section */
		3CB5168B1D067E48002ABFAB /* RecordFile.h */ = {isa = PBXFileReference; fileEncoding = 4; lastKnownFileType = sourcecode.c.h; path = RecordFile.h; sourceTree = "<group>"; };
		3CB5168C1D067E48002ABFAB /* RecordFile.m */ = {isa = PBXFileReference; fileEncoding = 4; lastKnownFileType = sourcecode.c.objc; path = RecordFile.m; sourceTree = "<group>"; };
		3CB5168E1D067E78002ABFAB /* RecordFile.xib */ = {isa = PBXFileReference; fileEncoding = 4; lastKnownFileType = file.xib; path = RecordFile.xib; sourceTree = "<group>"; };
		3CB516911D067F09002ABFAB /* EZAudio.h */ = {isa = PBXFileReference; fileEncoding = 4; lastKnownFileType = sourcecode.c.h; path = EZAudio.h; sourceTree = "<group>"; };
		3CB516921D067F09002ABFAB /* EZAudio.m */ = {isa = PBXFileReference; fileEncoding = 4; lastKnownFileType = sourcecode.c.objc; path = EZAudio.m; sourceTree = "<group>"; };
		3CB516931D067F09002ABFAB /* EZAudioDevice.h */ = {isa = PBXFileReference; fileEncoding = 4; lastKnownFileType = sourcecode.c.h; path = EZAudioDevice.h; sourceTree = "<group>"; };
		3CB516941D067F09002ABFAB /* EZAudioDevice.m */ = {isa = PBXFileReference; fileEncoding = 4; lastKnownFileType = sourcecode.c.objc; path = EZAudioDevice.m; sourceTree = "<group>"; };
		3CB516951D067F09002ABFAB /* EZAudioDisplayLink.h */ = {isa = PBXFileReference; fileEncoding = 4; lastKnownFileType = sourcecode.c.h; path = EZAudioDisplayLink.h; sourceTree = "<group>"; };
		3CB516961D067F09002ABFAB /* EZAudioDisplayLink.m */ = {isa = PBXFileReference; fileEncoding = 4; lastKnownFileType = sourcecode.c.objc; path = EZAudioDisplayLink.m; sourceTree = "<group>"; };
		3CB516971D067F09002ABFAB /* EZAudioFFT.h */ = {isa = PBXFileReference; fileEncoding = 4; lastKnownFileType = sourcecode.c.h; path = EZAudioFFT.h; sourceTree = "<group>"; };
		3CB516981D067F09002ABFAB /* EZAudioFFT.m */ = {isa = PBXFileReference; fileEncoding = 4; lastKnownFileType = sourcecode.c.objc; path = EZAudioFFT.m; sourceTree = "<group>"; };
		3CB516991D067F09002ABFAB /* EZAudioFile.h */ = {isa = PBXFileReference; fileEncoding = 4; lastKnownFileType = sourcecode.c.h; path = EZAudioFile.h; sourceTree = "<group>"; };
		3CB5169A1D067F09002ABFAB /* EZAudioFile.m */ = {isa = PBXFileReference; fileEncoding = 4; lastKnownFileType = sourcecode.c.objc; path = EZAudioFile.m; sourceTree = "<group>"; };
		3CB5169B1D067F09002ABFAB /* EZAudioFloatConverter.h */ = {isa = PBXFileReference; fileEncoding = 4; lastKnownFileType = sourcecode.c.h; path = EZAudioFloatConverter.h; sourceTree = "<group>"; };
		3CB5169C1D067F09002ABFAB /* EZAudioFloatConverter.m */ = {isa = PBXFileReference; fileEncoding = 4; lastKnownFileType = sourcecode.c.objc; path = EZAudioFloatConverter.m; sourceTree = "<group>"; };
		3CB5169D1D067F09002ABFAB /* EZAudioFloatData.h */ = {isa = PBXFileReference; fileEncoding = 4; lastKnownFileType = sourcecode.c.h; path = EZAudioFloatData.h; sourceTree = "<group>"; };
		3CB5169E1D067F09002ABFAB /* EZAudioFloatData.m */ = {isa = PBXFileReference; fileEncoding = 4; lastKnownFileType = sourcecode.c.objc; path = EZAudioFloatData.m; sourceTree = "<group>"; };
		3CB5169F1D067F09002ABFAB /* EZAudioiOS.h */ = {isa = PBXFileReference; fileEncoding = 4; lastKnownFileType = sourcecode.c.h; path = EZAudioiOS.h; sourceTree = "<group>"; };
		3CB516A01D067F09002ABFAB /* EZAudioOSX.h */ = {isa = PBXFileReference; fileEncoding = 4; lastKnownFileType = sourcecode.c.h; path = EZAudioOSX.h; sourceTree = "<group>"; };
		3CB516A11D067F09002ABFAB /* EZAudioPlayer.h */ = {isa = PBXFileReference; fileEncoding = 4; lastKnownFileType = sourcecode.c.h; path = EZAudioPlayer.h; sourceTree = "<group>"; };
		3CB516A21D067F09002ABFAB /* EZAudioPlayer.m */ = {isa = PBXFileReference; fileEncoding = 4; lastKnownFileType = sourcecode.c.objc; path = EZAudioPlayer.m; sourceTree = "<group>"; };
		3CB516A31D067F09002ABFAB /* EZAudioPlot.h */ = {isa = PBXFileReference; fileEncoding = 4; lastKnownFileType = sourcecode.c.h; path = EZAudioPlot.h; sourceTree = "<group>"; };
		3CB516A41D067F09002ABFAB /* EZAudioPlot.m */ = {isa = PBXFileReference; fileEncoding = 4; lastKnownFileType = sourcecode.c.objc; path = EZAudioPlot.m; sourceTree = "<group>"; };
		3CB516A51D067F09002ABFAB /* EZAudioPlotGL.h */ = {isa = PBXFileReference; fileEncoding = 4; lastKnownFileType = sourcecode.c.h; path = EZAudioPlotGL.h; sourceTree = "<group>"; };
		3CB516A61D067F09002ABFAB /* EZAudioPlotGL.m */ = {isa = PBXFileReference; fileEncoding = 4; lastKnownFileType = sourcecode.c.objc; path = EZAudioPlotGL.m; sourceTree = "<group>"; };
		3CB516A71D067F09002ABFAB /* EZAudioUtilities.h */ = {isa = PBXFileReference; fileEncoding = 4; lastKnownFileType = sourcecode.c.h; path = EZAudioUtilities.h; sourceTree = "<group>"; };
		3CB516A81D067F09002ABFAB /* EZAudioUtilities.m */ = {isa = PBXFileReference; fileEncoding = 4; lastKnownFileType = sourcecode.c.objc; path = EZAudioUtilities.m; sourceTree = "<group>"; };
		3CB516A91D067F09002ABFAB /* EZMicrophone.h */ = {isa = PBXFileReference; fileEncoding = 4; lastKnownFileType = sourcecode.c.h; path = EZMicrophone.h; sourceTree = "<group>"; };
		3CB516AA1D067F09002ABFAB /* EZMicrophone.m */ = {isa = PBXFileReference; fileEncoding = 4; lastKnownFileType = sourcecode.c.objc; path = EZMicrophone.m; sourceTree = "<group>"; };
		3CB516AB1D067F09002ABFAB /* EZOutput.h */ = {isa = PBXFileReference; fileEncoding = 4; lastKnownFileType = sourcecode.c.h; path = EZOutput.h; sourceTree = "<group>"; };
		3CB516AC1D067F09002ABFAB /* EZOutput.m */ = {isa = PBXFileReference; fileEncoding = 4; lastKnownFileType = sourcecode.c.objc; path = EZOutput.m; sourceTree = "<group>"; };
		3CB516AD1D067F09002ABFAB /* EZPlot.h */ = {isa = PBXFileReference; fileEncoding = 4; lastKnownFileType = sourcecode.c.h; path = EZPlot.h; sourceTree = "<group>"; };
		3CB516AE1D067F09002ABFAB /* EZPlot.m */ = {isa = PBXFileReference; fileEncoding = 4; lastKnownFileType = sourcecode.c.objc; path = EZPlot.m; sourceTree = "<group>"; };
		3CB516AF1D067F09002ABFAB /* EZRecorder.h */ = {isa = PBXFileReference; fileEncoding = 4; lastKnownFileType = sourcecode.c.h; path = EZRecorder.h; sourceTree = "<group>"; };
		3CB516B01D067F09002ABFAB /* EZRecorder.m */ = {isa = PBXFileReference; fileEncoding = 4; lastKnownFileType = sourcecode.c.objc; path = EZRecorder.m; sourceTree = "<group>"; };
		3CB516B11D067F09002ABFAB /* Info.plist */ = {isa = PBXFileReference; fileEncoding = 4; lastKnownFileType = text.plist.xml; path = Info.plist; sourceTree = "<group>"; };
		3CB516B21D067F09002ABFAB /* TPCircularBuffer.c */ = {isa = PBXFileReference; fileEncoding = 4; lastKnownFileType = sourcecode.c.c; path = TPCircularBuffer.c; sourceTree = "<group>"; };
		3CB516B31D067F09002ABFAB /* TPCircularBuffer.h */ = {isa = PBXFileReference; fileEncoding = 4; lastKnownFileType = sourcecode.c.h; path = TPCircularBuffer.h; sourceTree = "<group>"; };
		3CB516CF1D06B3B5002ABFAB /* ExtAudioFileMixer.h */ = {isa = PBXFileReference; fileEncoding = 4; lastKnownFileType = sourcecode.c.h; path = ExtAudioFileMixer.h; sourceTree = "<group>"; };
		3CB516D01D06B3B5002ABFAB /* ExtAudioFileMixer.m */ = {isa = PBXFileReference; fileEncoding = 4; lastKnownFileType = sourcecode.c.objc; path = ExtAudioFileMixer.m; sourceTree = "<group>"; };
		D400E946171BF13F00BE7F37 /* Accelerate.framework */ = {isa = PBXFileReference; lastKnownFileType = wrapper.framework; name = Accelerate.framework; path = System/Library/Frameworks/Accelerate.framework; sourceTree = SDKROOT; };
		D40A255B17694680000B98AA /* DOUAudioAnalyzer+Default.h */ = {isa = PBXFileReference; fileEncoding = 4; lastKnownFileType = sourcecode.c.h; path = "DOUAudioAnalyzer+Default.h"; sourceTree = "<group>"; };
		D40A255C17694680000B98AA /* DOUAudioAnalyzer+Default.m */ = {isa = PBXFileReference; fileEncoding = 4; lastKnownFileType = sourcecode.c.objc; path = "DOUAudioAnalyzer+Default.m"; sourceTree = "<group>"; };
		D40A4D1517AB83C400D0305F /* DOUAudioStreamer+Options.h */ = {isa = PBXFileReference; fileEncoding = 4; lastKnownFileType = sourcecode.c.h; path = "DOUAudioStreamer+Options.h"; sourceTree = "<group>"; };
		D40A4D1617AB83C400D0305F /* DOUAudioStreamer+Options.m */ = {isa = PBXFileReference; fileEncoding = 4; lastKnownFileType = sourcecode.c.objc; path = "DOUAudioStreamer+Options.m"; sourceTree = "<group>"; };
		D42DA80F17865EE4007276E5 /* QuartzCore.framework */ = {isa = PBXFileReference; lastKnownFileType = wrapper.framework; name = QuartzCore.framework; path = System/Library/Frameworks/QuartzCore.framework; sourceTree = SDKROOT; };
		D42DA81117865EE9007276E5 /* OpenGLES.framework */ = {isa = PBXFileReference; lastKnownFileType = wrapper.framework; name = OpenGLES.framework; path = System/Library/Frameworks/OpenGLES.framework; sourceTree = SDKROOT; };
		D43ACD741738B47B00E6A571 /* DOUAudioDecoder.h */ = {isa = PBXFileReference; fileEncoding = 4; lastKnownFileType = sourcecode.c.h; path = DOUAudioDecoder.h; sourceTree = "<group>"; };
		D43ACD751738B47B00E6A571 /* DOUAudioDecoder.m */ = {isa = PBXFileReference; fileEncoding = 4; lastKnownFileType = sourcecode.c.objc; path = DOUAudioDecoder.m; sourceTree = "<group>"; };
		D43ACD761738B47B00E6A571 /* DOUAudioEventLoop.h */ = {isa = PBXFileReference; fileEncoding = 4; lastKnownFileType = sourcecode.c.h; path = DOUAudioEventLoop.h; sourceTree = "<group>"; };
		D43ACD771738B47B00E6A571 /* DOUAudioEventLoop.m */ = {isa = PBXFileReference; fileEncoding = 4; lastKnownFileType = sourcecode.c.objc; path = DOUAudioEventLoop.m; sourceTree = "<group>"; };
		D43ACD781738B47B00E6A571 /* DOUAudioFile.h */ = {isa = PBXFileReference; fileEncoding = 4; lastKnownFileType = sourcecode.c.h; path = DOUAudioFile.h; sourceTree = "<group>"; };
		D43ACD791738B47B00E6A571 /* DOUAudioFilePreprocessor.h */ = {isa = PBXFileReference; fileEncoding = 4; lastKnownFileType = sourcecode.c.h; path = DOUAudioFilePreprocessor.h; sourceTree = "<group>"; };
		D43ACD7A1738B47B00E6A571 /* DOUAudioFilePreprocessor.m */ = {isa = PBXFileReference; fileEncoding = 4; lastKnownFileType = sourcecode.c.objc; path = DOUAudioFilePreprocessor.m; sourceTree = "<group>"; };
		D43ACD7B1738B47B00E6A571 /* DOUAudioFileProvider.h */ = {isa = PBXFileReference; fileEncoding = 4; lastKnownFileType = sourcecode.c.h; path = DOUAudioFileProvider.h; sourceTree = "<group>"; };
		D43ACD7C1738B47B00E6A571 /* DOUAudioFileProvider.m */ = {isa = PBXFileReference; fileEncoding = 4; lastKnownFileType = sourcecode.c.objc; path = DOUAudioFileProvider.m; sourceTree = "<group>"; };
		D43ACD7D1738B47B00E6A571 /* DOUAudioLPCM.h */ = {isa = PBXFileReference; fileEncoding = 4; lastKnownFileType = sourcecode.c.h; path = DOUAudioLPCM.h; sourceTree = "<group>"; };
		D43ACD7E1738B47B00E6A571 /* DOUAudioLPCM.m */ = {isa = PBXFileReference; fileEncoding = 4; lastKnownFileType = sourcecode.c.objc; path = DOUAudioLPCM.m; sourceTree = "<group>"; };
		D43ACD7F1738B47B00E6A571 /* DOUAudioPlaybackItem.h */ = {isa = PBXFileReference; fileEncoding = 4; lastKnownFileType = sourcecode.c.h; path = DOUAudioPlaybackItem.h; sourceTree = "<group>"; };
		D43ACD801738B47B00E6A571 /* DOUAudioPlaybackItem.m */ = {isa = PBXFileReference; fileEncoding = 4; lastKnownFileType = sourcecode.c.objc; path = DOUAudioPlaybackItem.m; sourceTree = "<group>"; };
		D43ACD811738B47B00E6A571 /* DOUAudioRenderer.h */ = {isa = PBXFileReference; fileEncoding = 4; lastKnownFileType = sourcecode.c.h; path = DOUAudioRenderer.h; sourceTree = "<group>"; };
		D43ACD821738B47B00E6A571 /* DOUAudioRenderer.m */ = {isa = PBXFileReference; fileEncoding = 4; lastKnownFileType = sourcecode.c.objc; path = DOUAudioRenderer.m; sourceTree = "<group>"; };
		D43ACD831738B47B00E6A571 /* DOUAudioStreamer.h */ = {isa = PBXFileReference; fileEncoding = 4; lastKnownFileType = sourcecode.c.h; path = DOUAudioStreamer.h; sourceTree = "<group>"; };
		D43ACD841738B47B00E6A571 /* DOUAudioStreamer.m */ = {isa = PBXFileReference; fileEncoding = 4; lastKnownFileType = sourcecode.c.objc; path = DOUAudioStreamer.m; sourceTree = "<group>"; };
		D43ACD851738B47B00E6A571 /* DOUAudioStreamer_Private.h */ = {isa = PBXFileReference; fileEncoding = 4; lastKnownFileType = sourcecode.c.h; path = DOUAudioStreamer_Private.h; sourceTree = "<group>"; };
		D43ACD861738B47B00E6A571 /* DOUSimpleHTTPRequest.h */ = {isa = PBXFileReference; fileEncoding = 4; lastKnownFileType = sourcecode.c.h; path = DOUSimpleHTTPRequest.h; sourceTree = "<group>"; };
		D43ACD871738B47B00E6A571 /* DOUSimpleHTTPRequest.m */ = {isa = PBXFileReference; fileEncoding = 4; lastKnownFileType = sourcecode.c.objc; path = DOUSimpleHTTPRequest.m; sourceTree = "<group>"; };
		D43ACD881738B47B00E6A571 /* NSData+DOUMappedFile.h */ = {isa = PBXFileReference; fileEncoding = 4; lastKnownFileType = sourcecode.c.h; path = "NSData+DOUMappedFile.h"; sourceTree = "<group>"; };
		D43ACD891738B47B00E6A571 /* NSData+DOUMappedFile.m */ = {isa = PBXFileReference; fileEncoding = 4; lastKnownFileType = sourcecode.c.objc; path = "NSData+DOUMappedFile.m"; sourceTree = "<group>"; };
		D43AFF91176A938100D1FECF /* DOUAudioVisualizer.h */ = {isa = PBXFileReference; fileEncoding = 4; lastKnownFileType = sourcecode.c.h; path = DOUAudioVisualizer.h; sourceTree = "<group>"; };
		D43AFF92176A938100D1FECF /* DOUAudioVisualizer.m */ = {isa = PBXFileReference; fileEncoding = 4; lastKnownFileType = sourcecode.c.objc; path = DOUAudioVisualizer.m; sourceTree = "<group>"; };
		D43AFF95176A938100D1FECF /* DOUEAGLView.h */ = {isa = PBXFileReference; fileEncoding = 4; lastKnownFileType = sourcecode.c.h; path = DOUEAGLView.h; sourceTree = "<group>"; };
		D43AFF96176A938100D1FECF /* DOUEAGLView.m */ = {isa = PBXFileReference; fileEncoding = 4; lastKnownFileType = sourcecode.c.objc; path = DOUEAGLView.m; sourceTree = "<group>"; };
		D449209E18A5D12000651CD2 /* DOUMPMediaLibraryAssetLoader.h */ = {isa = PBXFileReference; fileEncoding = 4; lastKnownFileType = sourcecode.c.h; path = DOUMPMediaLibraryAssetLoader.h; sourceTree = "<group>"; };
		D449209F18A5D12000651CD2 /* DOUMPMediaLibraryAssetLoader.m */ = {isa = PBXFileReference; fileEncoding = 4; lastKnownFileType = sourcecode.c.objc; path = DOUMPMediaLibraryAssetLoader.m; sourceTree = "<group>"; };
		D4632A6E17AE27E30065ECDE /* MobileCoreServices.framework */ = {isa = PBXFileReference; lastKnownFileType = wrapper.framework; name = MobileCoreServices.framework; path = System/Library/Frameworks/MobileCoreServices.framework; sourceTree = SDKROOT; };
		D47CA39E17680AC5002D73B4 /* DOUAudioBase.h */ = {isa = PBXFileReference; lastKnownFileType = sourcecode.c.h; path = DOUAudioBase.h; sourceTree = "<group>"; };
		D47CA39F17680ADA002D73B4 /* DOUAudioAnalyzer_Private.h */ = {isa = PBXFileReference; fileEncoding = 4; lastKnownFileType = sourcecode.c.h; path = DOUAudioAnalyzer_Private.h; sourceTree = "<group>"; };
		D47CA3A017680ADA002D73B4 /* DOUAudioAnalyzer.h */ = {isa = PBXFileReference; fileEncoding = 4; lastKnownFileType = sourcecode.c.h; path = DOUAudioAnalyzer.h; sourceTree = "<group>"; };
		D47CA3A117680ADA002D73B4 /* DOUAudioAnalyzer.m */ = {isa = PBXFileReference; fileEncoding = 4; lastKnownFileType = sourcecode.c.objc; path = DOUAudioAnalyzer.m; sourceTree = "<group>"; };
		D47CA3A317680AF1002D73B4 /* DOUAudioFrequencyAnalyzer.h */ = {isa = PBXFileReference; fileEncoding = 4; lastKnownFileType = sourcecode.c.h; path = DOUAudioFrequencyAnalyzer.h; sourceTree = "<group>"; };
		D47CA3A417680AF1002D73B4 /* DOUAudioFrequencyAnalyzer.m */ = {isa = PBXFileReference; fileEncoding = 4; lastKnownFileType = sourcecode.c.objc; path = DOUAudioFrequencyAnalyzer.m; sourceTree = "<group>"; };
		D47CA3A517680AF1002D73B4 /* DOUAudioSpatialAnalyzer.h */ = {isa = PBXFileReference; fileEncoding = 4; lastKnownFileType = sourcecode.c.h; path = DOUAudioSpatialAnalyzer.h; sourceTree = "<group>"; };
		D47CA3A617680AF1002D73B4 /* DOUAudioSpatialAnalyzer.m */ = {isa = PBXFileReference; fileEncoding = 4; lastKnownFileType = sourcecode.c.objc; path = DOUAudioSpatialAnalyzer.m; sourceTree = "<group>"; };
		D4C3891F171B9D87009D6124 /* DOUASDemo.app */ = {isa = PBXFileReference; explicitFileType = wrapper.application; includeInIndex = 0; path = DOUASDemo.app; sourceTree = BUILT_PRODUCTS_DIR; };
		D4C38922171B9D87009D6124 /* UIKit.framework */ = {isa = PBXFileReference; lastKnownFileType = wrapper.framework; name = UIKit.framework; path = System/Library/Frameworks/UIKit.framework; sourceTree = SDKROOT; };
		D4C38924171B9D87009D6124 /* Foundation.framework */ = {isa = PBXFileReference; lastKnownFileType = wrapper.framework; name = Foundation.framework; path = System/Library/Frameworks/Foundation.framework; sourceTree = SDKROOT; };
		D4C38926171B9D87009D6124 /* CoreGraphics.framework */ = {isa = PBXFileReference; lastKnownFileType = wrapper.framework; name = CoreGraphics.framework; path = System/Library/Frameworks/CoreGraphics.framework; sourceTree = SDKROOT; };
		D4C3892A171B9D87009D6124 /* DOUASDemo-Info.plist */ = {isa = PBXFileReference; lastKnownFileType = text.plist.xml; path = "DOUASDemo-Info.plist"; sourceTree = "<group>"; };
		D4C3892C171B9D87009D6124 /* en */ = {isa = PBXFileReference; lastKnownFileType = text.plist.strings; name = en; path = en.lproj/InfoPlist.strings; sourceTree = "<group>"; };
		D4C3892E171B9D87009D6124 /* main.m */ = {isa = PBXFileReference; lastKnownFileType = sourcecode.c.objc; path = main.m; sourceTree = "<group>"; };
		D4C38930171B9D87009D6124 /* DOUASDemo-Prefix.pch */ = {isa = PBXFileReference; lastKnownFileType = sourcecode.c.h; path = "DOUASDemo-Prefix.pch"; sourceTree = "<group>"; };
		D4C38931171B9D87009D6124 /* AppDelegate.h */ = {isa = PBXFileReference; lastKnownFileType = sourcecode.c.h; path = AppDelegate.h; sourceTree = "<group>"; };
		D4C38932171B9D87009D6124 /* AppDelegate.m */ = {isa = PBXFileReference; lastKnownFileType = sourcecode.c.objc; path = AppDelegate.m; sourceTree = "<group>"; };
		D4C38934171B9D87009D6124 /* Default.png */ = {isa = PBXFileReference; lastKnownFileType = image.png; path = Default.png; sourceTree = "<group>"; };
		D4C38936171B9D87009D6124 /* Default@2x.png */ = {isa = PBXFileReference; lastKnownFileType = image.png; path = "Default@2x.png"; sourceTree = "<group>"; };
		D4C38938171B9D87009D6124 /* Default-568h@2x.png */ = {isa = PBXFileReference; lastKnownFileType = image.png; path = "Default-568h@2x.png"; sourceTree = "<group>"; };
		D4C38947171B9E36009D6124 /* AudioToolbox.framework */ = {isa = PBXFileReference; lastKnownFileType = wrapper.framework; name = AudioToolbox.framework; path = System/Library/Frameworks/AudioToolbox.framework; sourceTree = SDKROOT; };
		D4C38949171B9E3A009D6124 /* CoreAudio.framework */ = {isa = PBXFileReference; lastKnownFileType = wrapper.framework; name = CoreAudio.framework; path = System/Library/Frameworks/CoreAudio.framework; sourceTree = SDKROOT; };
		D4C3894B171B9E3D009D6124 /* CFNetwork.framework */ = {isa = PBXFileReference; lastKnownFileType = wrapper.framework; name = CFNetwork.framework; path = System/Library/Frameworks/CFNetwork.framework; sourceTree = SDKROOT; };
		D4F5B28B18A5F0C70063865C /* Track.h */ = {isa = PBXFileReference; fileEncoding = 4; lastKnownFileType = sourcecode.c.h; path = Track.h; sourceTree = "<group>"; };
		D4F5B28C18A5F0C70063865C /* Track.m */ = {isa = PBXFileReference; fileEncoding = 4; lastKnownFileType = sourcecode.c.objc; path = Track.m; sourceTree = "<group>"; };
		D4F5B28E18A5F1B70063865C /* Track+Provider.h */ = {isa = PBXFileReference; fileEncoding = 4; lastKnownFileType = sourcecode.c.h; path = "Track+Provider.h"; sourceTree = "<group>"; };
		D4F5B28F18A5F1B70063865C /* Track+Provider.m */ = {isa = PBXFileReference; fileEncoding = 4; lastKnownFileType = sourcecode.c.objc; path = "Track+Provider.m"; sourceTree = "<group>"; };
		D4F5B29118A5F3030063865C /* MainViewController.h */ = {isa = PBXFileReference; fileEncoding = 4; lastKnownFileType = sourcecode.c.h; path = MainViewController.h; sourceTree = "<group>"; };
		D4F5B29218A5F3030063865C /* MainViewController.m */ = {isa = PBXFileReference; fileEncoding = 4; lastKnownFileType = sourcecode.c.objc; path = MainViewController.m; sourceTree = "<group>"; };
		D4F5B29418A5F6B90063865C /* PlayerViewController.h */ = {isa = PBXFileReference; fileEncoding = 4; lastKnownFileType = sourcecode.c.h; path = PlayerViewController.h; sourceTree = "<group>"; };
		D4F5B29518A5F6B90063865C /* PlayerViewController.m */ = {isa = PBXFileReference; fileEncoding = 4; lastKnownFileType = sourcecode.c.objc; path = PlayerViewController.m; sourceTree = "<group>"; };
		D4F5B29718A605A70063865C /* AVFoundation.framework */ = {isa = PBXFileReference; lastKnownFileType = wrapper.framework; name = AVFoundation.framework; path = System/Library/Frameworks/AVFoundation.framework; sourceTree = SDKROOT; };
		D4F5B29918A605AB0063865C /* MediaPlayer.framework */ = {isa = PBXFileReference; lastKnownFileType = wrapper.framework; name = MediaPlayer.framework; path = System/Library/Frameworks/MediaPlayer.framework; sourceTree = SDKROOT; };
/* End PBXFileReference section */

/* Begin PBXFrameworksBuildPhase section */
		D4C3891C171B9D87009D6124 /* Frameworks */ = {
			isa = PBXFrameworksBuildPhase;
			buildActionMask = 2147483647;
			files = (
				D4F5B29A18A605AB0063865C /* MediaPlayer.framework in Frameworks */,
				D4F5B29818A605A70063865C /* AVFoundation.framework in Frameworks */,
				D4632A6F17AE27E30065ECDE /* MobileCoreServices.framework in Frameworks */,
				D42DA81217865EE9007276E5 /* OpenGLES.framework in Frameworks */,
				D42DA81017865EE4007276E5 /* QuartzCore.framework in Frameworks */,
				D400E947171BF13F00BE7F37 /* Accelerate.framework in Frameworks */,
				D4C3894C171B9E3D009D6124 /* CFNetwork.framework in Frameworks */,
				D4C3894A171B9E3A009D6124 /* CoreAudio.framework in Frameworks */,
				D4C38948171B9E36009D6124 /* AudioToolbox.framework in Frameworks */,
				D4C38923171B9D87009D6124 /* UIKit.framework in Frameworks */,
				D4C38925171B9D87009D6124 /* Foundation.framework in Frameworks */,
				D4C38927171B9D87009D6124 /* CoreGraphics.framework in Frameworks */,
			);
			runOnlyForDeploymentPostprocessing = 0;
		};
/* End PBXFrameworksBuildPhase section */

/* Begin PBXGroup section */
		3CB516901D067F09002ABFAB /* EZAudio */ = {
			isa = PBXGroup;
			children = (
				3CB516911D067F09002ABFAB /* EZAudio.h */,
				3CB516921D067F09002ABFAB /* EZAudio.m */,
				3CB516931D067F09002ABFAB /* EZAudioDevice.h */,
				3CB516941D067F09002ABFAB /* EZAudioDevice.m */,
				3CB516951D067F09002ABFAB /* EZAudioDisplayLink.h */,
				3CB516961D067F09002ABFAB /* EZAudioDisplayLink.m */,
				3CB516971D067F09002ABFAB /* EZAudioFFT.h */,
				3CB516981D067F09002ABFAB /* EZAudioFFT.m */,
				3CB516991D067F09002ABFAB /* EZAudioFile.h */,
				3CB5169A1D067F09002ABFAB /* EZAudioFile.m */,
				3CB5169B1D067F09002ABFAB /* EZAudioFloatConverter.h */,
				3CB5169C1D067F09002ABFAB /* EZAudioFloatConverter.m */,
				3CB5169D1D067F09002ABFAB /* EZAudioFloatData.h */,
				3CB5169E1D067F09002ABFAB /* EZAudioFloatData.m */,
				3CB5169F1D067F09002ABFAB /* EZAudioiOS.h */,
				3CB516A01D067F09002ABFAB /* EZAudioOSX.h */,
				3CB516A11D067F09002ABFAB /* EZAudioPlayer.h */,
				3CB516A21D067F09002ABFAB /* EZAudioPlayer.m */,
				3CB516A31D067F09002ABFAB /* EZAudioPlot.h */,
				3CB516A41D067F09002ABFAB /* EZAudioPlot.m */,
				3CB516A51D067F09002ABFAB /* EZAudioPlotGL.h */,
				3CB516A61D067F09002ABFAB /* EZAudioPlotGL.m */,
				3CB516A71D067F09002ABFAB /* EZAudioUtilities.h */,
				3CB516A81D067F09002ABFAB /* EZAudioUtilities.m */,
				3CB516A91D067F09002ABFAB /* EZMicrophone.h */,
				3CB516AA1D067F09002ABFAB /* EZMicrophone.m */,
				3CB516AB1D067F09002ABFAB /* EZOutput.h */,
				3CB516AC1D067F09002ABFAB /* EZOutput.m */,
				3CB516AD1D067F09002ABFAB /* EZPlot.h */,
				3CB516AE1D067F09002ABFAB /* EZPlot.m */,
				3CB516AF1D067F09002ABFAB /* EZRecorder.h */,
				3CB516B01D067F09002ABFAB /* EZRecorder.m */,
				3CB516B11D067F09002ABFAB /* Info.plist */,
				3CB516B21D067F09002ABFAB /* TPCircularBuffer.c */,
				3CB516B31D067F09002ABFAB /* TPCircularBuffer.h */,
			);
			path = EZAudio;
			sourceTree = "<group>";
		};
		D43ACD731738B47B00E6A571 /* DOUAudioStreamer */ = {
			isa = PBXGroup;
			children = (
				D47CA39E17680AC5002D73B4 /* DOUAudioBase.h */,
				D43ACD741738B47B00E6A571 /* DOUAudioDecoder.h */,
				D43ACD751738B47B00E6A571 /* DOUAudioDecoder.m */,
				D43ACD761738B47B00E6A571 /* DOUAudioEventLoop.h */,
				D43ACD771738B47B00E6A571 /* DOUAudioEventLoop.m */,
				D43ACD781738B47B00E6A571 /* DOUAudioFile.h */,
				D43ACD791738B47B00E6A571 /* DOUAudioFilePreprocessor.h */,
				D43ACD7A1738B47B00E6A571 /* DOUAudioFilePreprocessor.m */,
				D43ACD7B1738B47B00E6A571 /* DOUAudioFileProvider.h */,
				D43ACD7C1738B47B00E6A571 /* DOUAudioFileProvider.m */,
				D43ACD7D1738B47B00E6A571 /* DOUAudioLPCM.h */,
				D43ACD7E1738B47B00E6A571 /* DOUAudioLPCM.m */,
				D43ACD7F1738B47B00E6A571 /* DOUAudioPlaybackItem.h */,
				D43ACD801738B47B00E6A571 /* DOUAudioPlaybackItem.m */,
				D43ACD811738B47B00E6A571 /* DOUAudioRenderer.h */,
				D43ACD821738B47B00E6A571 /* DOUAudioRenderer.m */,
				D43ACD831738B47B00E6A571 /* DOUAudioStreamer.h */,
				D43ACD841738B47B00E6A571 /* DOUAudioStreamer.m */,
				D43ACD851738B47B00E6A571 /* DOUAudioStreamer_Private.h */,
				D40A4D1517AB83C400D0305F /* DOUAudioStreamer+Options.h */,
				D40A4D1617AB83C400D0305F /* DOUAudioStreamer+Options.m */,
				D47CA3A017680ADA002D73B4 /* DOUAudioAnalyzer.h */,
				D47CA3A117680ADA002D73B4 /* DOUAudioAnalyzer.m */,
				D47CA39F17680ADA002D73B4 /* DOUAudioAnalyzer_Private.h */,
				D40A255B17694680000B98AA /* DOUAudioAnalyzer+Default.h */,
				D40A255C17694680000B98AA /* DOUAudioAnalyzer+Default.m */,
				D47CA3A517680AF1002D73B4 /* DOUAudioSpatialAnalyzer.h */,
				D47CA3A617680AF1002D73B4 /* DOUAudioSpatialAnalyzer.m */,
				D47CA3A317680AF1002D73B4 /* DOUAudioFrequencyAnalyzer.h */,
				D47CA3A417680AF1002D73B4 /* DOUAudioFrequencyAnalyzer.m */,
				D43ACD861738B47B00E6A571 /* DOUSimpleHTTPRequest.h */,
				D43ACD871738B47B00E6A571 /* DOUSimpleHTTPRequest.m */,
				D449209E18A5D12000651CD2 /* DOUMPMediaLibraryAssetLoader.h */,
				D449209F18A5D12000651CD2 /* DOUMPMediaLibraryAssetLoader.m */,
				D43ACD881738B47B00E6A571 /* NSData+DOUMappedFile.h */,
				D43ACD891738B47B00E6A571 /* NSData+DOUMappedFile.m */,
				D43AFF95176A938100D1FECF /* DOUEAGLView.h */,
				D43AFF96176A938100D1FECF /* DOUEAGLView.m */,
				D43AFF91176A938100D1FECF /* DOUAudioVisualizer.h */,
				D43AFF92176A938100D1FECF /* DOUAudioVisualizer.m */,
			);
			name = DOUAudioStreamer;
			path = ../../../src;
			sourceTree = "<group>";
		};
		D4C38916171B9D87009D6124 = {
			isa = PBXGroup;
			children = (
				D4C38928171B9D87009D6124 /* DOUASDemo */,
				D4C38921171B9D87009D6124 /* Frameworks */,
				D4C38920171B9D87009D6124 /* Products */,
			);
			sourceTree = "<group>";
		};
		D4C38920171B9D87009D6124 /* Products */ = {
			isa = PBXGroup;
			children = (
				D4C3891F171B9D87009D6124 /* DOUASDemo.app */,
			);
			name = Products;
			sourceTree = "<group>";
		};
		D4C38921171B9D87009D6124 /* Frameworks */ = {
			isa = PBXGroup;
			children = (
				D4F5B29918A605AB0063865C /* MediaPlayer.framework */,
				D4F5B29718A605A70063865C /* AVFoundation.framework */,
				D4632A6E17AE27E30065ECDE /* MobileCoreServices.framework */,
				D42DA81117865EE9007276E5 /* OpenGLES.framework */,
				D42DA80F17865EE4007276E5 /* QuartzCore.framework */,
				D400E946171BF13F00BE7F37 /* Accelerate.framework */,
				D4C3894B171B9E3D009D6124 /* CFNetwork.framework */,
				D4C38949171B9E3A009D6124 /* CoreAudio.framework */,
				D4C38947171B9E36009D6124 /* AudioToolbox.framework */,
				D4C38922171B9D87009D6124 /* UIKit.framework */,
				D4C38924171B9D87009D6124 /* Foundation.framework */,
				D4C38926171B9D87009D6124 /* CoreGraphics.framework */,
			);
			name = Frameworks;
			sourceTree = "<group>";
		};
		D4C38928171B9D87009D6124 /* DOUASDemo */ = {
			isa = PBXGroup;
			children = (
				3CB516901D067F09002ABFAB /* EZAudio */,
				D43ACD731738B47B00E6A571 /* DOUAudioStreamer */,
				D4C38931171B9D87009D6124 /* AppDelegate.h */,
				D4C38932171B9D87009D6124 /* AppDelegate.m */,
				D4F5B28B18A5F0C70063865C /* Track.h */,
				D4F5B28C18A5F0C70063865C /* Track.m */,
				D4F5B28E18A5F1B70063865C /* Track+Provider.h */,
				D4F5B28F18A5F1B70063865C /* Track+Provider.m */,
				D4F5B29118A5F3030063865C /* MainViewController.h */,
				D4F5B29218A5F3030063865C /* MainViewController.m */,
				D4F5B29418A5F6B90063865C /* PlayerViewController.h */,
				D4F5B29518A5F6B90063865C /* PlayerViewController.m */,
				3CB5168B1D067E48002ABFAB /* RecordFile.h */,
				3CB5168C1D067E48002ABFAB /* RecordFile.m */,
				3CB5168E1D067E78002ABFAB /* RecordFile.xib */,
				3CB516CF1D06B3B5002ABFAB /* ExtAudioFileMixer.h */,
				3CB516D01D06B3B5002ABFAB /* ExtAudioFileMixer.m */,
				D4C38929171B9D87009D6124 /* Supporting Files */,
			);
			path = DOUASDemo;
			sourceTree = "<group>";
		};
		D4C38929171B9D87009D6124 /* Supporting Files */ = {
			isa = PBXGroup;
			children = (
				D4C3892A171B9D87009D6124 /* DOUASDemo-Info.plist */,
				D4C3892B171B9D87009D6124 /* InfoPlist.strings */,
				D4C3892E171B9D87009D6124 /* main.m */,
				D4C38930171B9D87009D6124 /* DOUASDemo-Prefix.pch */,
				D4C38934171B9D87009D6124 /* Default.png */,
				D4C38936171B9D87009D6124 /* Default@2x.png */,
				D4C38938171B9D87009D6124 /* Default-568h@2x.png */,
			);
			name = "Supporting Files";
			sourceTree = "<group>";
		};
/* End PBXGroup section */

/* Begin PBXNativeTarget section */
		D4C3891E171B9D87009D6124 /* DOUASDemo */ = {
			isa = PBXNativeTarget;
			buildConfigurationList = D4C38942171B9D87009D6124 /* Build configuration list for PBXNativeTarget "DOUASDemo" */;
			buildPhases = (
				D4C3891B171B9D87009D6124 /* Sources */,
				D4C3891C171B9D87009D6124 /* Frameworks */,
				D4C3891D171B9D87009D6124 /* Resources */,
			);
			buildRules = (
			);
			dependencies = (
			);
			name = DOUASDemo;
			productName = DOUASDemo;
			productReference = D4C3891F171B9D87009D6124 /* DOUASDemo.app */;
			productType = "com.apple.product-type.application";
		};
/* End PBXNativeTarget section */

/* Begin PBXProject section */
		D4C38917171B9D87009D6124 /* Project object */ = {
			isa = PBXProject;
			attributes = {
				LastUpgradeCheck = 0500;
				ORGANIZATIONNAME = "Douban Inc.";
			};
			buildConfigurationList = D4C3891A171B9D87009D6124 /* Build configuration list for PBXProject "DOUASDemo" */;
			compatibilityVersion = "Xcode 3.2";
			developmentRegion = English;
			hasScannedForEncodings = 0;
			knownRegions = (
				en,
			);
			mainGroup = D4C38916171B9D87009D6124;
			productRefGroup = D4C38920171B9D87009D6124 /* Products */;
			projectDirPath = "";
			projectRoot = "";
			targets = (
				D4C3891E171B9D87009D6124 /* DOUASDemo */,
			);
		};
/* End PBXProject section */

/* Begin PBXResourcesBuildPhase section */
		D4C3891D171B9D87009D6124 /* Resources */ = {
			isa = PBXResourcesBuildPhase;
			buildActionMask = 2147483647;
			files = (
				D4C3892D171B9D87009D6124 /* InfoPlist.strings in Resources */,
				3CB5168F1D067E78002ABFAB /* RecordFile.xib in Resources */,
				3CB516C31D067F09002ABFAB /* Info.plist in Resources */,
				D4C38935171B9D87009D6124 /* Default.png in Resources */,
				D4C38937171B9D87009D6124 /* Default@2x.png in Resources */,
				D4C38939171B9D87009D6124 /* Default-568h@2x.png in Resources */,
			);
			runOnlyForDeploymentPostprocessing = 0;
		};
/* End PBXResourcesBuildPhase section */

/* Begin PBXSourcesBuildPhase section */
		D4C3891B171B9D87009D6124 /* Sources */ = {
			isa = PBXSourcesBuildPhase;
			buildActionMask = 2147483647;
			files = (
				D47CA3A717680AF1002D73B4 /* DOUAudioFrequencyAnalyzer.m in Sources */,
				3CB516B91D067F09002ABFAB /* EZAudioFloatConverter.m in Sources */,
				D4C3892F171B9D87009D6124 /* main.m in Sources */,
				D40A4D1717AB83C400D0305F /* DOUAudioStreamer+Options.m in Sources */,
				3CB516B71D067F09002ABFAB /* EZAudioFFT.m in Sources */,
				3CB516C01D067F09002ABFAB /* EZOutput.m in Sources */,
				D47CA3A817680AF1002D73B4 /* DOUAudioSpatialAnalyzer.m in Sources */,
				D47CA3A217680ADA002D73B4 /* DOUAudioAnalyzer.m in Sources */,
				3CB516B41D067F09002ABFAB /* EZAudio.m in Sources */,
				D4C38933171B9D87009D6124 /* AppDelegate.m in Sources */,
				D43ACD8A1738B47B00E6A571 /* DOUAudioDecoder.m in Sources */,
				3CB516BD1D067F09002ABFAB /* EZAudioPlotGL.m in Sources */,
				3CB516C11D067F09002ABFAB /* EZPlot.m in Sources */,
				D43AFF97176A938100D1FECF /* DOUAudioVisualizer.m in Sources */,
				3CB516C41D067F09002ABFAB /* TPCircularBuffer.c in Sources */,
				3CB516BB1D067F09002ABFAB /* EZAudioPlayer.m in Sources */,
				D43AFF99176A938100D1FECF /* DOUEAGLView.m in Sources */,
				D44920A018A5D12000651CD2 /* DOUMPMediaLibraryAssetLoader.m in Sources */,
				D43ACD8B1738B47B00E6A571 /* DOUAudioEventLoop.m in Sources */,
				3CB516BA1D067F09002ABFAB /* EZAudioFloatData.m in Sources */,
				3CB5168D1D067E48002ABFAB /* RecordFile.m in Sources */,
				D43ACD8C1738B47B00E6A571 /* DOUAudioFilePreprocessor.m in Sources */,
				3CB516D11D06B3B5002ABFAB /* ExtAudioFileMixer.m in Sources */,
				D40A255D17694680000B98AA /* DOUAudioAnalyzer+Default.m in Sources */,
				D43ACD8D1738B47B00E6A571 /* DOUAudioFileProvider.m in Sources */,
				3CB516BC1D067F09002ABFAB /* EZAudioPlot.m in Sources */,
				3CB516BE1D067F09002ABFAB /* EZAudioUtilities.m in Sources */,
				D4F5B29618A5F6B90063865C /* PlayerViewController.m in Sources */,
				D43ACD8E1738B47B00E6A571 /* DOUAudioLPCM.m in Sources */,
				D43ACD8F1738B47B00E6A571 /* DOUAudioPlaybackItem.m in Sources */,
				3CB516BF1D067F09002ABFAB /* EZMicrophone.m in Sources */,
				D43ACD901738B47B00E6A571 /* DOUAudioRenderer.m in Sources */,
				D43ACD911738B47B00E6A571 /* DOUAudioStreamer.m in Sources */,
				3CB516B51D067F09002ABFAB /* EZAudioDevice.m in Sources */,
				D4F5B29318A5F3030063865C /* MainViewController.m in Sources */,
				D43ACD921738B47B00E6A571 /* DOUSimpleHTTPRequest.m in Sources */,
				3CB516B61D067F09002ABFAB /* EZAudioDisplayLink.m in Sources */,
				D43ACD931738B47B00E6A571 /* NSData+DOUMappedFile.m in Sources */,
				3CB516C21D067F09002ABFAB /* EZRecorder.m in Sources */,
				3CB516B81D067F09002ABFAB /* EZAudioFile.m in Sources */,
				D4F5B29018A5F1B70063865C /* Track+Provider.m in Sources */,
				D4F5B28D18A5F0C70063865C /* Track.m in Sources */,
			);
			runOnlyForDeploymentPostprocessing = 0;
		};
/* End PBXSourcesBuildPhase section */

/* Begin PBXVariantGroup section */
		D4C3892B171B9D87009D6124 /* InfoPlist.strings */ = {
			isa = PBXVariantGroup;
			children = (
				D4C3892C171B9D87009D6124 /* en */,
			);
			name = InfoPlist.strings;
			sourceTree = "<group>";
		};
/* End PBXVariantGroup section */

/* Begin XCBuildConfiguration section */
		D4C38940171B9D87009D6124 /* Debug */ = {
			isa = XCBuildConfiguration;
			buildSettings = {
				ALWAYS_SEARCH_USER_PATHS = NO;
				CLANG_CXX_LANGUAGE_STANDARD = "gnu++0x";
				CLANG_CXX_LIBRARY = "libc++";
				CLANG_ENABLE_OBJC_ARC = YES;
				CLANG_WARN_CONSTANT_CONVERSION = YES;
				CLANG_WARN_EMPTY_BODY = YES;
				CLANG_WARN_ENUM_CONVERSION = YES;
				CLANG_WARN_IMPLICIT_SIGN_CONVERSION = YES;
				CLANG_WARN_INT_CONVERSION = YES;
				CLANG_WARN__DUPLICATE_METHOD_MATCH = YES;
				"CODE_SIGN_IDENTITY[sdk=iphoneos*]" = "iPhone Developer";
				COPY_PHASE_STRIP = NO;
				GCC_C_LANGUAGE_STANDARD = gnu99;
				GCC_DYNAMIC_NO_PIC = NO;
				GCC_OPTIMIZATION_LEVEL = 0;
				GCC_PREPROCESSOR_DEFINITIONS = (
					"DEBUG=1",
					"$(inherited)",
				);
				GCC_SYMBOLS_PRIVATE_EXTERN = NO;
				GCC_WARN_64_TO_32_BIT_CONVERSION = YES;
				GCC_WARN_ABOUT_RETURN_TYPE = YES;
				GCC_WARN_UNINITIALIZED_AUTOS = YES;
				GCC_WARN_UNUSED_FUNCTION = YES;
				GCC_WARN_UNUSED_PARAMETER = NO;
				GCC_WARN_UNUSED_VARIABLE = YES;
				IPHONEOS_DEPLOYMENT_TARGET = 6.1;
				ONLY_ACTIVE_ARCH = YES;
				SDKROOT = iphoneos;
			};
			name = Debug;
		};
		D4C38941171B9D87009D6124 /* Release */ = {
			isa = XCBuildConfiguration;
			buildSettings = {
				ALWAYS_SEARCH_USER_PATHS = NO;
				CLANG_CXX_LANGUAGE_STANDARD = "gnu++0x";
				CLANG_CXX_LIBRARY = "libc++";
				CLANG_ENABLE_OBJC_ARC = YES;
				CLANG_WARN_CONSTANT_CONVERSION = YES;
				CLANG_WARN_EMPTY_BODY = YES;
				CLANG_WARN_ENUM_CONVERSION = YES;
				CLANG_WARN_IMPLICIT_SIGN_CONVERSION = YES;
				CLANG_WARN_INT_CONVERSION = YES;
				CLANG_WARN__DUPLICATE_METHOD_MATCH = YES;
				"CODE_SIGN_IDENTITY[sdk=iphoneos*]" = "iPhone Developer";
				COPY_PHASE_STRIP = YES;
				GCC_C_LANGUAGE_STANDARD = gnu99;
				GCC_WARN_64_TO_32_BIT_CONVERSION = YES;
				GCC_WARN_ABOUT_RETURN_TYPE = YES;
				GCC_WARN_UNINITIALIZED_AUTOS = YES;
				GCC_WARN_UNUSED_FUNCTION = YES;
				GCC_WARN_UNUSED_PARAMETER = NO;
				GCC_WARN_UNUSED_VARIABLE = YES;
				IPHONEOS_DEPLOYMENT_TARGET = 6.1;
				OTHER_CFLAGS = "-DNS_BLOCK_ASSERTIONS=1";
				SDKROOT = iphoneos;
				VALIDATE_PRODUCT = YES;
			};
			name = Release;
		};
		D4C38943171B9D87009D6124 /* Debug */ = {
			isa = XCBuildConfiguration;
			buildSettings = {
				CLANG_ENABLE_MODULES = YES;
				CLANG_WARN_BOOL_CONVERSION = YES;
				CLANG_WARN_DIRECT_OBJC_ISA_USAGE = YES_ERROR;
				CLANG_WARN_OBJC_ROOT_CLASS = YES_ERROR;
				CLANG_WARN_UNREACHABLE_CODE = YES;
				DEBUG_INFORMATION_FORMAT = dwarf;
				GCC_PRECOMPILE_PREFIX_HEADER = YES;
				GCC_PREFIX_HEADER = "DOUASDemo/DOUASDemo-Prefix.pch";
				GCC_WARN_ABOUT_RETURN_TYPE = YES_ERROR;
				GCC_WARN_UNDECLARED_SELECTOR = YES;
				GCC_WARN_UNINITIALIZED_AUTOS = YES_AGGRESSIVE;
				INFOPLIST_FILE = "DOUASDemo/DOUASDemo-Info.plist";
				IPHONEOS_DEPLOYMENT_TARGET = 8.0;
				MTL_ENABLE_DEBUG_INFO = YES;
				PRODUCT_NAME = "$(TARGET_NAME)";
				WRAPPER_EXTENSION = app;
			};
			name = Debug;
		};
		D4C38944171B9D87009D6124 /* Release */ = {
			isa = XCBuildConfiguration;
			buildSettings = {
				CLANG_ENABLE_MODULES = YES;
				CLANG_WARN_BOOL_CONVERSION = YES;
				CLANG_WARN_DIRECT_OBJC_ISA_USAGE = YES_ERROR;
				CLANG_WARN_OBJC_ROOT_CLASS = YES_ERROR;
				CLANG_WARN_UNREACHABLE_CODE = YES;
				GCC_PRECOMPILE_PREFIX_HEADER = YES;
				GCC_PREFIX_HEADER = "DOUASDemo/DOUASDemo-Prefix.pch";
				GCC_WARN_ABOUT_RETURN_TYPE = YES_ERROR;
				GCC_WARN_UNDECLARED_SELECTOR = YES;
				GCC_WARN_UNINITIALIZED_AUTOS = YES_AGGRESSIVE;
				INFOPLIST_FILE = "DOUASDemo/DOUASDemo-Info.plist";
				IPHONEOS_DEPLOYMENT_TARGET = 8.0;
				MTL_ENABLE_DEBUG_INFO = NO;
				PRODUCT_NAME = "$(TARGET_NAME)";
				WRAPPER_EXTENSION = app;
			};
			name = Release;
		};
/* End XCBuildConfiguration section */

/* Begin XCConfigurationList section */
		D4C3891A171B9D87009D6124 /* Build configuration list for PBXProject "DOUASDemo" */ = {
			isa = XCConfigurationList;
			buildConfigurations = (
				D4C38940171B9D87009D6124 /* Debug */,
				D4C38941171B9D87009D6124 /* Release */,
			);
			defaultConfigurationIsVisible = 0;
			defaultConfigurationName = Release;
		};
		D4C38942171B9D87009D6124 /* Build configuration list for PBXNativeTarget "DOUASDemo" */ = {
			isa = XCConfigurationList;
			buildConfigurations = (
				D4C38943171B9D87009D6124 /* Debug */,
				D4C38944171B9D87009D6124 /* Release */,
			);
			defaultConfigurationIsVisible = 0;
			defaultConfigurationName = Release;
		};
/* End XCConfigurationList section */
	};
	rootObject = D4C38917171B9D87009D6124 /* Project object */;
}
